Microsoft Visual Studio Solution File, Format Version 12.00
# Visual Studio Version 17
VisualStudioVersion = 17.5.2.0
MinimumVisualStudioVersion = 10.0.40219.1
Project("{FAE04EC0-301F-11D3-BF4B-00C04F79EFBC}") = "UEP", "UEP.csproj", "{0CAB3D85-A4E7-ED9C-6414-AFC04FE96B7A}"
EndProject
Global
	GlobalSection(SolutionConfigurationPlatforms) = preSolution
		Debug|Any CPU = Debug|Any CPU
		Release|Any CPU = Release|Any CPU
	EndGlobalSection
	GlobalSection(ProjectConfigurationPlatforms) = postSolution
		{0CAB3D85-A4E7-ED9C-6414-AFC04FE96B7A}.Debug|Any CPU.ActiveCfg = Debug|Any CPU
		{0CAB3D85-A4E7-ED9C-6414-AFC04FE96B7A}.Debug|Any CPU.Build.0 = Debug|Any CPU
		{0CAB3D85-A4E7-ED9C-6414-AFC04FE96B7A}.Release|Any CPU.ActiveCfg = Release|Any CPU
		{0CAB3D85-A4E7-ED9C-6414-AFC04FE96B7A}.Release|Any CPU.Build.0 = Release|Any CPU
	EndGlobalSection
	GlobalSection(SolutionProperties) = preSolution
		HideSolutionNode = FALSE
	EndGlobalSection
	GlobalSection(ExtensibilityGlobals) = postSolution
		SolutionGuid = {E562EB35-0497-4782-B262-6E6B730A1585}
	EndGlobalSection
EndGlobal
